
Microsoft Visual Studio Solution File, Format Version 12.00
# Visual Studio Version 17
VisualStudioVersion = 17.3.32825.248
MinimumVisualStudioVersion = 10.0.40219.1
Project("{FAE04EC0-301F-11D3-BF4B-00C04F79EFBC}") = "SEMANA 6.Android", "SEMANA 6.Android\SEMANA 6.Android.csproj", "{04A16EC4-0F0D-4F6B-81D3-192F302B526B}"
EndProject
Project("{FAE04EC0-301F-11D3-BF4B-00C04F79EFBC}") = "SEMANA 6.iOS", "SEMANA 6.iOS\SEMANA 6.iOS.csproj", "{01D8CA9A-839D-44BF-BC62-D053F299E82E}"
EndProject
Project("{FAE04EC0-301F-11D3-BF4B-00C04F79EFBC}") = "SEMANA 6", "SEMANA 6\SEMANA 6.csproj", "{817BB905-7D31-428A-88E3-4C40E8EBC8C8}"
EndProject
Global
	GlobalSection(SolutionConfigurationPlatforms) = preSolution
		Debug|Any CPU = Debug|Any CPU
		Debug|iPhone = Debug|iPhone
		Debug|iPhoneSimulator = Debug|iPhoneSimulator
		Release|Any CPU = Release|Any CPU
		Release|iPhone = Release|iPhone
		Release|iPhoneSimulator = Release|iPhoneSimulator
	EndGlobalSection
	GlobalSection(ProjectConfigurationPlatforms) = postSolution
		{04A16EC4-0F0D-4F6B-81D3-192F302B526B}.Debug|Any CPU.ActiveCfg = Debug|Any CPU
		{04A16EC4-0F0D-4F6B-81D3-192F302B526B}.Debug|Any CPU.Build.0 = Debug|Any CPU
		{04A16EC4-0F0D-4F6B-81D3-192F302B526B}.Debug|Any CPU.Deploy.0 = Debug|Any CPU
		{04A16EC4-0F0D-4F6B-81D3-192F302B526B}.Debug|iPhone.ActiveCfg = Debug|Any CPU
		{04A16EC4-0F0D-4F6B-81D3-192F302B526B}.Debug|iPhone.Build.0 = Debug|Any CPU
		{04A16EC4-0F0D-4F6B-81D3-192F302B526B}.Debug|iPhone.Deploy.0 = Debug|Any CPU
		{04A16EC4-0F0D-4F6B-81D3-192F302B526B}.Debug|iPhoneSimulator.ActiveCfg = Debug|Any CPU
		{04A16EC4-0F0D-4F6B-81D3-192F302B526B}.Debug|iPhoneSimulator.Build.0 = Debug|Any CPU
		{04A16EC4-0F0D-4F6B-81D3-192F302B526B}.Debug|iPhoneSimulator.Deploy.0 = Debug|Any CPU
		{04A16EC4-0F0D-4F6B-81D3-192F302B526B}.Release|Any CPU.ActiveCfg = Release|Any CPU
		{04A16EC4-0F0D-4F6B-81D3-192F302B526B}.Release|Any CPU.Build.0 = Release|Any CPU
		{04A16EC4-0F0D-4F6B-81D3-192F302B526B}.Release|Any CPU.Deploy.0 = Release|Any CPU
		{04A16EC4-0F0D-4F6B-81D3-192F302B526B}.Release|iPhone.ActiveCfg = Release|Any CPU
		{04A16EC4-0F0D-4F6B-81D3-192F302B526B}.Release|iPhone.Build.0 = Release|Any CPU
		{04A16EC4-0F0D-4F6B-81D3-192F302B526B}.Release|iPhone.Deploy.0 = Release|Any CPU
		{04A16EC4-0F0D-4F6B-81D3-192F302B526B}.Release|iPhoneSimulator.ActiveCfg = Release|Any CPU
		{04A16EC4-0F0D-4F6B-81D3-192F302B526B}.Release|iPhoneSimulator.Build.0 = Release|Any CPU
		{04A16EC4-0F0D-4F6B-81D3-192F302B526B}.Release|iPhoneSimulator.Deploy.0 = Release|Any CPU
		{01D8CA9A-839D-44BF-BC62-D053F299E82E}.Debug|Any CPU.ActiveCfg = Debug|iPhone
		{01D8CA9A-839D-44BF-BC62-D053F299E82E}.Debug|Any CPU.Build.0 = Debug|iPhone
		{01D8CA9A-839D-44BF-BC62-D053F299E82E}.Debug|Any CPU.Deploy.0 = Debug|iPhone
		{01D8CA9A-839D-44BF-BC62-D053F299E82E}.Debug|iPhone.ActiveCfg = Debug|iPhone
		{01D8CA9A-839D-44BF-BC62-D053F299E82E}.Debug|iPhone.Build.0 = Debug|iPhone
		{01D8CA9A-839D-44BF-BC62-D053F299E82E}.Debug|iPhone.Deploy.0 = Debug|iPhone
		{01D8CA9A-839D-44BF-BC62-D053F299E82E}.Debug|iPhoneSimulator.ActiveCfg = Debug|iPhoneSimulator
		{01D8CA9A-839D-44BF-BC62-D053F299E82E}.Debug|iPhoneSimulator.Build.0 = Debug|iPhoneSimulator
		{01D8CA9A-839D-44BF-BC62-D053F299E82E}.Debug|iPhoneSimulator.Deploy.0 = Debug|iPhoneSimulator
		{01D8CA9A-839D-44BF-BC62-D053F299E82E}.Release|Any CPU.ActiveCfg = Release|iPhoneSimulator
		{01D8CA9A-839D-44BF-BC62-D053F299E82E}.Release|Any CPU.Build.0 = Release|iPhoneSimulator
		{01D8CA9A-839D-44BF-BC62-D053F299E82E}.Release|Any CPU.Deploy.0 = Release|iPhoneSimulator
		{01D8CA9A-839D-44BF-BC62-D053F299E82E}.Release|iPhone.ActiveCfg = Release|iPhone
		{01D8CA9A-839D-44BF-BC62-D053F299E82E}.Release|iPhone.Build.0 = Release|iPhone
		{01D8CA9A-839D-44BF-BC62-D053F299E82E}.Release|iPhone.Deploy.0 = Release|iPhone
		{01D8CA9A-839D-44BF-BC62-D053F299E82E}.Release|iPhoneSimulator.ActiveCfg = Release|iPhoneSimulator
		{01D8CA9A-839D-44BF-BC62-D053F299E82E}.Release|iPhoneSimulator.Build.0 = Release|iPhoneSimulator
		{01D8CA9A-839D-44BF-BC62-D053F299E82E}.Release|iPhoneSimulator.Deploy.0 = Release|iPhoneSimulator
		{817BB905-7D31-428A-88E3-4C40E8EBC8C8}.Debug|Any CPU.ActiveCfg = Debug|Any CPU
		{817BB905-7D31-428A-88E3-4C40E8EBC8C8}.Debug|Any CPU.Build.0 = Debug|Any CPU
		{817BB905-7D31-428A-88E3-4C40E8EBC8C8}.Debug|Any CPU.Deploy.0 = Debug|Any CPU
		{817BB905-7D31-428A-88E3-4C40E8EBC8C8}.Debug|iPhone.ActiveCfg = Debug|Any CPU
		{817BB905-7D31-428A-88E3-4C40E8EBC8C8}.Debug|iPhone.Build.0 = Debug|Any CPU
		{817BB905-7D31-428A-88E3-4C40E8EBC8C8}.Debug|iPhone.Deploy.0 = Debug|Any CPU
		{817BB905-7D31-428A-88E3-4C40E8EBC8C8}.Debug|iPhoneSimulator.ActiveCfg = Debug|Any CPU
		{817BB905-7D31-428A-88E3-4C40E8EBC8C8}.Debug|iPhoneSimulator.Build.0 = Debug|Any CPU
		{817BB905-7D31-428A-88E3-4C40E8EBC8C8}.Debug|iPhoneSimulator.Deploy.0 = Debug|Any CPU
		{817BB905-7D31-428A-88E3-4C40E8EBC8C8}.Release|Any CPU.ActiveCfg = Release|Any CPU
		{817BB905-7D31-428A-88E3-4C40E8EBC8C8}.Release|Any CPU.Build.0 = Release|Any CPU
		{817BB905-7D31-428A-88E3-4C40E8EBC8C8}.Release|Any CPU.Deploy.0 = Release|Any CPU
		{817BB905-7D31-428A-88E3-4C40E8EBC8C8}.Release|iPhone.ActiveCfg = Release|Any CPU
		{817BB905-7D31-428A-88E3-4C40E8EBC8C8}.Release|iPhone.Build.0 = Release|Any CPU
		{817BB905-7D31-428A-88E3-4C40E8EBC8C8}.Release|iPhone.Deploy.0 = Release|Any CPU
		{817BB905-7D31-428A-88E3-4C40E8EBC8C8}.Release|iPhoneSimulator.ActiveCfg = Release|Any CPU
		{817BB905-7D31-428A-88E3-4C40E8EBC8C8}.Release|iPhoneSimulator.Build.0 = Release|Any CPU
		{817BB905-7D31-428A-88E3-4C40E8EBC8C8}.Release|iPhoneSimulator.Deploy.0 = Release|Any CPU
	EndGlobalSection
	GlobalSection(SolutionProperties) = preSolution
		HideSolutionNode = FALSE
	EndGlobalSection
	GlobalSection(ExtensibilityGlobals) = postSolution
		SolutionGuid = {31CE4B19-7487-4CF9-B0E1-1AE649CCF070}
	EndGlobalSection
EndGlobal
